
Microsoft Visual Studio Solution File, Format Version 12.00
# Visual Studio 15
VisualStudioVersion = 15.0.28307.1321
MinimumVisualStudioVersion = 10.0.40219.1
Project("{FAE04EC0-301F-11D3-BF4B-00C04F79EFBC}") = "2Tier.UI.MVC", "2Tier\2Tier.UI.MVC.csproj", "{F36FF8F7-B433-4054-B4C2-685DAFD6EF29}"
EndProject
Global
	GlobalSection(SolutionConfigurationPlatforms) = preSolution
		Debug|Any CPU = Debug|Any CPU
		Release|Any CPU = Release|Any CPU
	EndGlobalSection
	GlobalSection(ProjectConfigurationPlatforms) = postSolution
		{F36FF8F7-B433-4054-B4C2-685DAFD6EF29}.Debug|Any CPU.ActiveCfg = Debug|Any CPU
		{F36FF8F7-B433-4054-B4C2-685DAFD6EF29}.Debug|Any CPU.Build.0 = Debug|Any CPU
		{F36FF8F7-B433-4054-B4C2-685DAFD6EF29}.Release|Any CPU.ActiveCfg = Release|Any CPU
		{F36FF8F7-B433-4054-B4C2-685DAFD6EF29}.Release|Any CPU.Build.0 = Release|Any CPU
	EndGlobalSection
	GlobalSection(SolutionProperties) = preSolution
		HideSolutionNode = FALSE
	EndGlobalSection
	GlobalSection(ExtensibilityGlobals) = postSolution
		SolutionGuid = {6CB354DE-F852-4D7A-86F8-6ACDDE41CC24}
	EndGlobalSection
EndGlobal
